
Microsoft Visual Studio Solution File, Format Version 11.00
# Visual Studio 2010
Project("{FAE04EC0-301F-11D3-BF4B-00C04F79EFBC}") = "Core", "Core\Core.csproj", "{03F50526-566A-48E7-AFFB-75F11BE946A8}"
EndProject
Project("{FAE04EC0-301F-11D3-BF4B-00C04F79EFBC}") = "Tests", "Tests\Tests.csproj", "{C0FC480C-58BC-4D45-B995-0EA9A0AA1F32}"
EndProject
Project("{FAE04EC0-301F-11D3-BF4B-00C04F79EFBC}") = "CLI", "CLI\CLI.csproj", "{9EAEA6C4-A56C-4ACB-B5D0-AF620C8A4DAE}"
EndProject
Global
	GlobalSection(SolutionConfigurationPlatforms) = preSolution
		Debug|Any CPU = Debug|Any CPU
		Debug|Mixed Platforms = Debug|Mixed Platforms
		Debug|x86 = Debug|x86
		Release|Any CPU = Release|Any CPU
		Release|Mixed Platforms = Release|Mixed Platforms
		Release|x86 = Release|x86
	EndGlobalSection
	GlobalSection(ProjectConfigurationPlatforms) = postSolution
		{03F50526-566A-48E7-AFFB-75F11BE946A8}.Debug|Any CPU.ActiveCfg = Debug|Any CPU
		{03F50526-566A-48E7-AFFB-75F11BE946A8}.Debug|Any CPU.Build.0 = Debug|Any CPU
		{03F50526-566A-48E7-AFFB-75F11BE946A8}.Debug|Mixed Platforms.ActiveCfg = Debug|Any CPU
		{03F50526-566A-48E7-AFFB-75F11BE946A8}.Debug|Mixed Platforms.Build.0 = Debug|Any CPU
		{03F50526-566A-48E7-AFFB-75F11BE946A8}.Debug|x86.ActiveCfg = Debug|Any CPU
		{03F50526-566A-48E7-AFFB-75F11BE946A8}.Release|Any CPU.ActiveCfg = Release|Any CPU
		{03F50526-566A-48E7-AFFB-75F11BE946A8}.Release|Any CPU.Build.0 = Release|Any CPU
		{03F50526-566A-48E7-AFFB-75F11BE946A8}.Release|Mixed Platforms.ActiveCfg = Release|Any CPU
		{03F50526-566A-48E7-AFFB-75F11BE946A8}.Release|Mixed Platforms.Build.0 = Release|Any CPU
		{03F50526-566A-48E7-AFFB-75F11BE946A8}.Release|x86.ActiveCfg = Release|Any CPU
		{C0FC480C-58BC-4D45-B995-0EA9A0AA1F32}.Debug|Any CPU.ActiveCfg = Debug|Any CPU
		{C0FC480C-58BC-4D45-B995-0EA9A0AA1F32}.Debug|Any CPU.Build.0 = Debug|Any CPU
		{C0FC480C-58BC-4D45-B995-0EA9A0AA1F32}.Debug|Mixed Platforms.ActiveCfg = Debug|Any CPU
		{C0FC480C-58BC-4D45-B995-0EA9A0AA1F32}.Debug|Mixed Platforms.Build.0 = Debug|Any CPU
		{C0FC480C-58BC-4D45-B995-0EA9A0AA1F32}.Debug|x86.ActiveCfg = Debug|Any CPU
		{C0FC480C-58BC-4D45-B995-0EA9A0AA1F32}.Release|Any CPU.ActiveCfg = Release|Any CPU
		{C0FC480C-58BC-4D45-B995-0EA9A0AA1F32}.Release|Any CPU.Build.0 = Release|Any CPU
		{C0FC480C-58BC-4D45-B995-0EA9A0AA1F32}.Release|Mixed Platforms.ActiveCfg = Release|Any CPU
		{C0FC480C-58BC-4D45-B995-0EA9A0AA1F32}.Release|Mixed Platforms.Build.0 = Release|Any CPU
		{C0FC480C-58BC-4D45-B995-0EA9A0AA1F32}.Release|x86.ActiveCfg = Release|Any CPU
		{9EAEA6C4-A56C-4ACB-B5D0-AF620C8A4DAE}.Debug|Any CPU.ActiveCfg = Debug|x86
		{9EAEA6C4-A56C-4ACB-B5D0-AF620C8A4DAE}.Debug|Mixed Platforms.ActiveCfg = Debug|x86
		{9EAEA6C4-A56C-4ACB-B5D0-AF620C8A4DAE}.Debug|Mixed Platforms.Build.0 = Debug|x86
		{9EAEA6C4-A56C-4ACB-B5D0-AF620C8A4DAE}.Debug|x86.ActiveCfg = Debug|x86
		{9EAEA6C4-A56C-4ACB-B5D0-AF620C8A4DAE}.Debug|x86.Build.0 = Debug|x86
		{9EAEA6C4-A56C-4ACB-B5D0-AF620C8A4DAE}.Release|Any CPU.ActiveCfg = Release|x86
		{9EAEA6C4-A56C-4ACB-B5D0-AF620C8A4DAE}.Release|Mixed Platforms.ActiveCfg = Release|x86
		{9EAEA6C4-A56C-4ACB-B5D0-AF620C8A4DAE}.Release|Mixed Platforms.Build.0 = Release|x86
		{9EAEA6C4-A56C-4ACB-B5D0-AF620C8A4DAE}.Release|x86.ActiveCfg = Release|x86
		{9EAEA6C4-A56C-4ACB-B5D0-AF620C8A4DAE}.Release|x86.Build.0 = Release|x86
	EndGlobalSection
	GlobalSection(SolutionProperties) = preSolution
		HideSolutionNode = FALSE
	EndGlobalSection
EndGlobal
